
Microsoft Visual Studio Solution File, Format Version 12.00
# Visual Studio Version 17
VisualStudioVersion = 17.11.35327.3
MinimumVisualStudioVersion = 10.0.40219.1
Project("{FAE04EC0-301F-11D3-BF4B-00C04F79EFBC}") = "Array", "Array\Array.csproj", "{5A15F874-EC99-4A46-B2D1-8BD2DAF76F7F}"
EndProject
Global
	GlobalSection(SolutionConfigurationPlatforms) = preSolution
		Debug|Any CPU = Debug|Any CPU
		Release|Any CPU = Release|Any CPU
	EndGlobalSection
	GlobalSection(ProjectConfigurationPlatforms) = postSolution
		{5A15F874-EC99-4A46-B2D1-8BD2DAF76F7F}.Debug|Any CPU.ActiveCfg = Debug|Any CPU
		{5A15F874-EC99-4A46-B2D1-8BD2DAF76F7F}.Debug|Any CPU.Build.0 = Debug|Any CPU
		{5A15F874-EC99-4A46-B2D1-8BD2DAF76F7F}.Release|Any CPU.ActiveCfg = Release|Any CPU
		{5A15F874-EC99-4A46-B2D1-8BD2DAF76F7F}.Release|Any CPU.Build.0 = Release|Any CPU
	EndGlobalSection
	GlobalSection(SolutionProperties) = preSolution
		HideSolutionNode = FALSE
	EndGlobalSection
	GlobalSection(ExtensibilityGlobals) = postSolution
		SolutionGuid = {978D11CB-F10A-4AFF-86EF-3C75DD1BB204}
	EndGlobalSection
EndGlobal
